
Microsoft Visual Studio Solution File, Format Version 12.00
# Visual Studio Version 17
VisualStudioVersion = 17.4.33205.214
MinimumVisualStudioVersion = 10.0.40219.1
Project("{FAE04EC0-301F-11D3-BF4B-00C04F79EFBC}") = "Xndirner_21-40", "Xndirner_21-40\Xndirner_21-40.csproj", "{F64E24AA-C25D-4417-8104-93F2B53C8C58}"
EndProject
Global
	GlobalSection(SolutionConfigurationPlatforms) = preSolution
		Debug|Any CPU = Debug|Any CPU
		Release|Any CPU = Release|Any CPU
	EndGlobalSection
	GlobalSection(ProjectConfigurationPlatforms) = postSolution
		{F64E24AA-C25D-4417-8104-93F2B53C8C58}.Debug|Any CPU.ActiveCfg = Debug|Any CPU
		{F64E24AA-C25D-4417-8104-93F2B53C8C58}.Debug|Any CPU.Build.0 = Debug|Any CPU
		{F64E24AA-C25D-4417-8104-93F2B53C8C58}.Release|Any CPU.ActiveCfg = Release|Any CPU
		{F64E24AA-C25D-4417-8104-93F2B53C8C58}.Release|Any CPU.Build.0 = Release|Any CPU
	EndGlobalSection
	GlobalSection(SolutionProperties) = preSolution
		HideSolutionNode = FALSE
	EndGlobalSection
	GlobalSection(ExtensibilityGlobals) = postSolution
		SolutionGuid = {BA1C439E-1C8A-4255-A80D-6D8EEB7F7875}
	EndGlobalSection
EndGlobal
